
Microsoft Visual Studio Solution File, Format Version 12.00
Project("{FAE04EC0-301F-11D3-BF4B-00C04F79EFBC}") = "BootcampSolution", "BootcampSolution\BootcampSolution.csproj", "{1B26DD06-E1AD-4F47-8884-CE40FCC843AE}"
EndProject
Project("{FAE04EC0-301F-11D3-BF4B-00C04F79EFBC}") = "BootcampClassLibrary", "BootcampClassLibrary\BootcampClassLibrary.csproj", "{9C29D478-DCF4-4276-8002-46C03BF04CA7}"
EndProject
Project("{FAE04EC0-301F-11D3-BF4B-00C04F79EFBC}") = "BootcampUnitTest", "BootcampUnitTest\BootcampUnitTest.csproj", "{48C052AB-E52E-4913-96FD-F1B05778E78A}"
EndProject
Global
	GlobalSection(SolutionConfigurationPlatforms) = preSolution
		Debug|Any CPU = Debug|Any CPU
		Release|Any CPU = Release|Any CPU
	EndGlobalSection
	GlobalSection(ProjectConfigurationPlatforms) = postSolution
		{1B26DD06-E1AD-4F47-8884-CE40FCC843AE}.Debug|Any CPU.ActiveCfg = Debug|Any CPU
		{1B26DD06-E1AD-4F47-8884-CE40FCC843AE}.Debug|Any CPU.Build.0 = Debug|Any CPU
		{1B26DD06-E1AD-4F47-8884-CE40FCC843AE}.Release|Any CPU.ActiveCfg = Release|Any CPU
		{1B26DD06-E1AD-4F47-8884-CE40FCC843AE}.Release|Any CPU.Build.0 = Release|Any CPU
		{9C29D478-DCF4-4276-8002-46C03BF04CA7}.Debug|Any CPU.ActiveCfg = Debug|Any CPU
		{9C29D478-DCF4-4276-8002-46C03BF04CA7}.Debug|Any CPU.Build.0 = Debug|Any CPU
		{9C29D478-DCF4-4276-8002-46C03BF04CA7}.Release|Any CPU.ActiveCfg = Release|Any CPU
		{9C29D478-DCF4-4276-8002-46C03BF04CA7}.Release|Any CPU.Build.0 = Release|Any CPU
		{48C052AB-E52E-4913-96FD-F1B05778E78A}.Debug|Any CPU.ActiveCfg = Debug|Any CPU
		{48C052AB-E52E-4913-96FD-F1B05778E78A}.Debug|Any CPU.Build.0 = Debug|Any CPU
		{48C052AB-E52E-4913-96FD-F1B05778E78A}.Release|Any CPU.ActiveCfg = Release|Any CPU
		{48C052AB-E52E-4913-96FD-F1B05778E78A}.Release|Any CPU.Build.0 = Release|Any CPU
	EndGlobalSection
EndGlobal
